// !$*UTF8*$!
{
	archiveVersion = 1;
	classes = {
	};
	objectVersion = 55;
	objects = {

/* Begin PBXBuildFile section */
		00467DA527E0D97D0065BE0E /* MovieDBManagerApp.swift in Sources */ = {isa = PBXBuildFile; fileRef = 00467DA427E0D97D0065BE0E /* MovieDBManagerApp.swift */; };
		00467DA727E0D97D0065BE0E /* ContentView.swift in Sources */ = {isa = PBXBuildFile; fileRef = 00467DA627E0D97D0065BE0E /* ContentView.swift */; };
		00467DA927E0D9810065BE0E /* Assets.xcassets in Resources */ = {isa = PBXBuildFile; fileRef = 00467DA827E0D9810065BE0E /* Assets.xcassets */; };
		00467DAC27E0D9810065BE0E /* Preview Assets.xcassets in Resources */ = {isa = PBXBuildFile; fileRef = 00467DAB27E0D9810065BE0E /* Preview Assets.xcassets */; };
		00467DB627E0D9810065BE0E /* MovieDBManagerTests.swift in Sources */ = {isa = PBXBuildFile; fileRef = 00467DB527E0D9810065BE0E /* MovieDBManagerTests.swift */; };
		00467DC027E0D9810065BE0E /* MovieDBManagerUITests.swift in Sources */ = {isa = PBXBuildFile; fileRef = 00467DBF27E0D9810065BE0E /* MovieDBManagerUITests.swift */; };
		00467DC227E0D9810065BE0E /* MovieDBManagerUITestsLaunchTests.swift in Sources */ = {isa = PBXBuildFile; fileRef = 00467DC127E0D9810065BE0E /* MovieDBManagerUITestsLaunchTests.swift */; };
		00467DD027E0E8660065BE0E /* TabBarView.swift in Sources */ = {isa = PBXBuildFile; fileRef = 00467DCF27E0E8660065BE0E /* TabBarView.swift */; };
/* End PBXBuildFile section */

/* Begin PBXContainerItemProxy section */
		00467DB227E0D9810065BE0E /* PBXContainerItemProxy */ = {
			isa = PBXContainerItemProxy;
			containerPortal = 00467D9927E0D97D0065BE0E /* Project object */;
			proxyType = 1;
			remoteGlobalIDString = 00467DA027E0D97D0065BE0E;
			remoteInfo = MovieDBManager;
		};
		00467DBC27E0D9810065BE0E /* PBXContainerItemProxy */ = {
			isa = PBXContainerItemProxy;
			containerPortal = 00467D9927E0D97D0065BE0E /* Project object */;
			proxyType = 1;
			remoteGlobalIDString = 00467DA027E0D97D0065BE0E;
			remoteInfo = MovieDBManager;
		};
/* End PBXContainerItemProxy section */

/* Begin PBXFileReference section */
		00467DA127E0D97D0065BE0E /* MovieDBManager.app */ = {isa = PBXFileReference; explicitFileType = wrapper.application; includeInIndex = 0; path = MovieDBManager.app; sourceTree = BUILT_PRODUCTS_DIR; };
		00467DA427E0D97D0065BE0E /* MovieDBManagerApp.swift */ = {isa = PBXFileReference; lastKnownFileType = sourcecode.swift; path = MovieDBManagerApp.swift; sourceTree = "<group>"; };
		00467DA627E0D97D0065BE0E /* ContentView.swift */ = {isa = PBXFileReference; lastKnownFileType = sourcecode.swift; path = ContentView.swift; sourceTree = "<group>"; };
		00467DA827E0D9810065BE0E /* Assets.xcassets */ = {isa = PBXFileReference; lastKnownFileType = folder.assetcatalog; path = Assets.xcassets; sourceTree = "<group>"; };
		00467DAB27E0D9810065BE0E /* Preview Assets.xcassets */ = {isa = PBXFileReference; lastKnownFileType = folder.assetcatalog; path = "Preview Assets.xcassets"; sourceTree = "<group>"; };
		00467DB127E0D9810065BE0E /* MovieDBManagerTests.xctest */ = {isa = PBXFileReference; explicitFileType = wrapper.cfbundle; includeInIndex = 0; path = MovieDBManagerTests.xctest; sourceTree = BUILT_PRODUCTS_DIR; };
		00467DB527E0D9810065BE0E /* MovieDBManagerTests.swift */ = {isa = PBXFileReference; lastKnownFileType = sourcecode.swift; path = MovieDBManagerTests.swift; sourceTree = "<group>"; };
		00467DBB27E0D9810065BE0E /* MovieDBManagerUITests.xctest */ = {isa = PBXFileReference; explicitFileType = wrapper.cfbundle; includeInIndex = 0; path = MovieDBManagerUITests.xctest; sourceTree = BUILT_PRODUCTS_DIR; };
		00467DBF27E0D9810065BE0E /* MovieDBManagerUITests.swift */ = {isa = PBXFileReference; lastKnownFileType = sourcecode.swift; path = MovieDBManagerUITests.swift; sourceTree = "<group>"; };
		00467DC127E0D9810065BE0E /* MovieDBManagerUITestsLaunchTests.swift */ = {isa = PBXFileReference; lastKnownFileType = sourcecode.swift; path = MovieDBManagerUITestsLaunchTests.swift; sourceTree = "<group>"; };
		00467DCF27E0E8660065BE0E /* TabBarView.swift */ = {isa = PBXFileReference; lastKnownFileType = sourcecode.swift; path = TabBarView.swift; sourceTree = "<group>"; };
/* End PBXFileReference section */

/* Begin PBXFrameworksBuildPhase section */
		00467D9E27E0D97D0065BE0E /* Frameworks */ = {
			isa = PBXFrameworksBuildPhase;
			buildActionMask = 2147483647;
			files = (
			);
			runOnlyForDeploymentPostprocessing = 0;
		};
		00467DAE27E0D9810065BE0E /* Frameworks */ = {
			isa = PBXFrameworksBuildPhase;
			buildActionMask = 2147483647;
			files = (
			);
			runOnlyForDeploymentPostprocessing = 0;
		};
		00467DB827E0D9810065BE0E /* Frameworks */ = {
			isa = PBXFrameworksBuildPhase;
			buildActionMask = 2147483647;
			files = (
			);
			runOnlyForDeploymentPostprocessing = 0;
		};
/* End PBXFrameworksBuildPhase section */

/* Begin PBXGroup section */
		00467D9827E0D97D0065BE0E = {
			isa = PBXGroup;
			children = (
				00467DA327E0D97D0065BE0E /* MovieDBManager */,
				00467DB427E0D9810065BE0E /* MovieDBManagerTests */,
				00467DBE27E0D9810065BE0E /* MovieDBManagerUITests */,
				00467DA227E0D97D0065BE0E /* Products */,
			);
			sourceTree = "<group>";
		};
		00467DA227E0D97D0065BE0E /* Products */ = {
			isa = PBXGroup;
			children = (
				00467DA127E0D97D0065BE0E /* MovieDBManager.app */,
				00467DB127E0D9810065BE0E /* MovieDBManagerTests.xctest */,
				00467DBB27E0D9810065BE0E /* MovieDBManagerUITests.xctest */,
			);
			name = Products;
			sourceTree = "<group>";
		};
		00467DA327E0D97D0065BE0E /* MovieDBManager */ = {
			isa = PBXGroup;
			children = (
				00467DCE27E0E8480065BE0E /* View */,
				00467DA427E0D97D0065BE0E /* MovieDBManagerApp.swift */,
				00467DA627E0D97D0065BE0E /* ContentView.swift */,
				00467DA827E0D9810065BE0E /* Assets.xcassets */,
				00467DAA27E0D9810065BE0E /* Preview Content */,
			);
			path = MovieDBManager;
			sourceTree = "<group>";
		};
		00467DAA27E0D9810065BE0E /* Preview Content */ = {
			isa = PBXGroup;
			children = (
				00467DAB27E0D9810065BE0E /* Preview Assets.xcassets */,
			);
			path = "Preview Content";
			sourceTree = "<group>";
		};
		00467DB427E0D9810065BE0E /* MovieDBManagerTests */ = {
			isa = PBXGroup;
			children = (
				00467DB527E0D9810065BE0E /* MovieDBManagerTests.swift */,
			);
			path = MovieDBManagerTests;
			sourceTree = "<group>";
		};
		00467DBE27E0D9810065BE0E /* MovieDBManagerUITests */ = {
			isa = PBXGroup;
			children = (
				00467DBF27E0D9810065BE0E /* MovieDBManagerUITests.swift */,
				00467DC127E0D9810065BE0E /* MovieDBManagerUITestsLaunchTests.swift */,
			);
			path = MovieDBManagerUITests;
			sourceTree = "<group>";
		};
		00467DCE27E0E8480065BE0E /* View */ = {
			isa = PBXGroup;
			children = (
				00467DCF27E0E8660065BE0E /* TabBarView.swift */,
			);
			path = View;
			sourceTree = "<group>";
		};
/* End PBXGroup section */

/* Begin PBXNativeTarget section */
		00467DA027E0D97D0065BE0E /* MovieDBManager */ = {
			isa = PBXNativeTarget;
			buildConfigurationList = 00467DC527E0D9810065BE0E /* Build configuration list for PBXNativeTarget "MovieDBManager" */;
			buildPhases = (
				00467D9D27E0D97D0065BE0E /* Sources */,
				00467D9E27E0D97D0065BE0E /* Frameworks */,
				00467D9F27E0D97D0065BE0E /* Resources */,
			);
			buildRules = (
			);
			dependencies = (
			);
			name = MovieDBManager;
			productName = MovieDBManager;
			productReference = 00467DA127E0D97D0065BE0E /* MovieDBManager.app */;
			productType = "com.apple.product-type.application";
		};
		00467DB027E0D9810065BE0E /* MovieDBManagerTests */ = {
			isa = PBXNativeTarget;
			buildConfigurationList = 00467DC827E0D9810065BE0E /* Build configuration list for PBXNativeTarget "MovieDBManagerTests" */;
			buildPhases = (
				00467DAD27E0D9810065BE0E /* Sources */,
				00467DAE27E0D9810065BE0E /* Frameworks */,
				00467DAF27E0D9810065BE0E /* Resources */,
			);
			buildRules = (
			);
			dependencies = (
				00467DB327E0D9810065BE0E /* PBXTargetDependency */,
			);
			name = MovieDBManagerTests;
			productName = MovieDBManagerTests;
			productReference = 00467DB127E0D9810065BE0E /* MovieDBManagerTests.xctest */;
			productType = "com.apple.product-type.bundle.unit-test";
		};
		00467DBA27E0D9810065BE0E /* MovieDBManagerUITests */ = {
			isa = PBXNativeTarget;
			buildConfigurationList = 00467DCB27E0D9810065BE0E /* Build configuration list for PBXNativeTarget "MovieDBManagerUITests" */;
			buildPhases = (
				00467DB727E0D9810065BE0E /* Sources */,
				00467DB827E0D9810065BE0E /* Frameworks */,
				00467DB927E0D9810065BE0E /* Resources */,
			);
			buildRules = (
			);
			dependencies = (
				00467DBD27E0D9810065BE0E /* PBXTargetDependency */,
			);
			name = MovieDBManagerUITests;
			productName = MovieDBManagerUITests;
			productReference = 00467DBB27E0D9810065BE0E /* MovieDBManagerUITests.xctest */;
			productType = "com.apple.product-type.bundle.ui-testing";
		};
/* End PBXNativeTarget section */

/* Begin PBXProject section */
		00467D9927E0D97D0065BE0E /* Project object */ = {
			isa = PBXProject;
			attributes = {
				BuildIndependentTargetsInParallel = 1;
				LastSwiftUpdateCheck = 1320;
				LastUpgradeCheck = 1320;
				TargetAttributes = {
					00467DA027E0D97D0065BE0E = {
						CreatedOnToolsVersion = 13.2.1;
					};
					00467DB027E0D9810065BE0E = {
						CreatedOnToolsVersion = 13.2.1;
						TestTargetID = 00467DA027E0D97D0065BE0E;
					};
					00467DBA27E0D9810065BE0E = {
						CreatedOnToolsVersion = 13.2.1;
						TestTargetID = 00467DA027E0D97D0065BE0E;
					};
				};
			};
			buildConfigurationList = 00467D9C27E0D97D0065BE0E /* Build configuration list for PBXProject "MovieDBManager" */;
			compatibilityVersion = "Xcode 13.0";
			developmentRegion = en;
			hasScannedForEncodings = 0;
			knownRegions = (
				en,
				Base,
			);
			mainGroup = 00467D9827E0D97D0065BE0E;
			productRefGroup = 00467DA227E0D97D0065BE0E /* Products */;
			projectDirPath = "";
			projectRoot = "";
			targets = (
				00467DA027E0D97D0065BE0E /* MovieDBManager */,
				00467DB027E0D9810065BE0E /* MovieDBManagerTests */,
				00467DBA27E0D9810065BE0E /* MovieDBManagerUITests */,
			);
		};
/* End PBXProject section */

/* Begin PBXResourcesBuildPhase section */
		00467D9F27E0D97D0065BE0E /* Resources */ = {
			isa = PBXResourcesBuildPhase;
			buildActionMask = 2147483647;
			files = (
				00467DAC27E0D9810065BE0E /* Preview Assets.xcassets in Resources */,
				00467DA927E0D9810065BE0E /* Assets.xcassets in Resources */,
			);
			runOnlyForDeploymentPostprocessing = 0;
		};
		00467DAF27E0D9810065BE0E /* Resources */ = {
			isa = PBXResourcesBuildPhase;
			buildActionMask = 2147483647;
			files = (
			);
			runOnlyForDeploymentPostprocessing = 0;
		};
		00467DB927E0D9810065BE0E /* Resources */ = {
			isa = PBXResourcesBuildPhase;
			buildActionMask = 2147483647;
			files = (
			);
			runOnlyForDeploymentPostprocessing = 0;
		};
/* End PBXResourcesBuildPhase section */

/* Begin PBXSourcesBuildPhase section */
		00467D9D27E0D97D0065BE0E /* Sources */ = {
			isa = PBXSourcesBuildPhase;
			buildActionMask = 2147483647;
			files = (
				00467DA727E0D97D0065BE0E /* ContentView.swift in Sources */,
				00467DA527E0D97D0065BE0E /* MovieDBManagerApp.swift in Sources */,
				00467DD027E0E8660065BE0E /* TabBarView.swift in Sources */,
			);
			runOnlyForDeploymentPostprocessing = 0;
		};
		00467DAD27E0D9810065BE0E /* Sources */ = {
			isa = PBXSourcesBuildPhase;
			buildActionMask = 2147483647;
			files = (
				00467DB627E0D9810065BE0E /* MovieDBManagerTests.swift in Sources */,
			);
			runOnlyForDeploymentPostprocessing = 0;
		};
		00467DB727E0D9810065BE0E /* Sources */ = {
			isa = PBXSourcesBuildPhase;
			buildActionMask = 2147483647;
			files = (
				00467DC027E0D9810065BE0E /* MovieDBManagerUITests.swift in Sources */,
				00467DC227E0D9810065BE0E /* MovieDBManagerUITestsLaunchTests.swift in Sources */,
			);
			runOnlyForDeploymentPostprocessing = 0;
		};
/* End PBXSourcesBuildPhase section */

/* Begin PBXTargetDependency section */
		00467DB327E0D9810065BE0E /* PBXTargetDependency */ = {
			isa = PBXTargetDependency;
			target = 00467DA027E0D97D0065BE0E /* MovieDBManager */;
			targetProxy = 00467DB227E0D9810065BE0E /* PBXContainerItemProxy */;
		};
		00467DBD27E0D9810065BE0E /* PBXTargetDependency */ = {
			isa = PBXTargetDependency;
			target = 00467DA027E0D97D0065BE0E /* MovieDBManager */;
			targetProxy = 00467DBC27E0D9810065BE0E /* PBXContainerItemProxy */;
		};
/* End PBXTargetDependency section */

/* Begin XCBuildConfiguration section */
		00467DC327E0D9810065BE0E /* Debug */ = {
			isa = XCBuildConfiguration;
			buildSettings = {
				ALWAYS_SEARCH_USER_PATHS = NO;
				CLANG_ANALYZER_NONNULL = YES;
				CLANG_ANALYZER_NUMBER_OBJECT_CONVERSION = YES_AGGRESSIVE;
				CLANG_CXX_LANGUAGE_STANDARD = "gnu++17";
				CLANG_CXX_LIBRARY = "libc++";
				CLANG_ENABLE_MODULES = YES;
				CLANG_ENABLE_OBJC_ARC = YES;
				CLANG_ENABLE_OBJC_WEAK = YES;
				CLANG_WARN_BLOCK_CAPTURE_AUTORELEASING = YES;
				CLANG_WARN_BOOL_CONVERSION = YES;
				CLANG_WARN_COMMA = YES;
				CLANG_WARN_CONSTANT_CONVERSION = YES;
				CLANG_WARN_DEPRECATED_OBJC_IMPLEMENTATIONS = YES;
				CLANG_WARN_DIRECT_OBJC_ISA_USAGE = YES_ERROR;
				CLANG_WARN_DOCUMENTATION_COMMENTS = YES;
				CLANG_WARN_EMPTY_BODY = YES;
				CLANG_WARN_ENUM_CONVERSION = YES;
				CLANG_WARN_INFINITE_RECURSION = YES;
				CLANG_WARN_INT_CONVERSION = YES;
				CLANG_WARN_NON_LITERAL_NULL_CONVERSION = YES;
				CLANG_WARN_OBJC_IMPLICIT_RETAIN_SELF = YES;
				CLANG_WARN_OBJC_LITERAL_CONVERSION = YES;
				CLANG_WARN_OBJC_ROOT_CLASS = YES_ERROR;
				CLANG_WARN_QUOTED_INCLUDE_IN_FRAMEWORK_HEADER = YES;
				CLANG_WARN_RANGE_LOOP_ANALYSIS = YES;
				CLANG_WARN_STRICT_PROTOTYPES = YES;
				CLANG_WARN_SUSPICIOUS_MOVE = YES;
				CLANG_WARN_UNGUARDED_AVAILABILITY = YES_AGGRESSIVE;
				CLANG_WARN_UNREACHABLE_CODE = YES;
				CLANG_WARN__DUPLICATE_METHOD_MATCH = YES;
				COPY_PHASE_STRIP = NO;
				DEBUG_INFORMATION_FORMAT = dwarf;
				ENABLE_STRICT_OBJC_MSGSEND = YES;
				ENABLE_TESTABILITY = YES;
				GCC_C_LANGUAGE_STANDARD = gnu11;
				GCC_DYNAMIC_NO_PIC = NO;
				GCC_NO_COMMON_BLOCKS = YES;
				GCC_OPTIMIZATION_LEVEL = 0;
				GCC_PREPROCESSOR_DEFINITIONS = (
					"DEBUG=1",
					"$(inherited)",
				);
				GCC_WARN_64_TO_32_BIT_CONVERSION = YES;
				GCC_WARN_ABOUT_RETURN_TYPE = YES_ERROR;
				GCC_WARN_UNDECLARED_SELECTOR = YES;
				GCC_WARN_UNINITIALIZED_AUTOS = YES_AGGRESSIVE;
				GCC_WARN_UNUSED_FUNCTION = YES;
				GCC_WARN_UNUSED_VARIABLE = YES;
				IPHONEOS_DEPLOYMENT_TARGET = 15.2;
				MTL_ENABLE_DEBUG_INFO = INCLUDE_SOURCE;
				MTL_FAST_MATH = YES;
				ONLY_ACTIVE_ARCH = YES;
				SDKROOT = iphoneos;
				SWIFT_ACTIVE_COMPILATION_CONDITIONS = DEBUG;
				SWIFT_OPTIMIZATION_LEVEL = "-Onone";
			};
			name = Debug;
		};
		00467DC427E0D9810065BE0E /* Release */ = {
			isa = XCBuildConfiguration;
			buildSettings = {
				ALWAYS_SEARCH_USER_PATHS = NO;
				CLANG_ANALYZER_NONNULL = YES;
				CLANG_ANALYZER_NUMBER_OBJECT_CONVERSION = YES_AGGRESSIVE;
				CLANG_CXX_LANGUAGE_STANDARD = "gnu++17";
				CLANG_CXX_LIBRARY = "libc++";
				CLANG_ENABLE_MODULES = YES;
				CLANG_ENABLE_OBJC_ARC = YES;
				CLANG_ENABLE_OBJC_WEAK = YES;
				CLANG_WARN_BLOCK_CAPTURE_AUTORELEASING = YES;
				CLANG_WARN_BOOL_CONVERSION = YES;
				CLANG_WARN_COMMA = YES;
				CLANG_WARN_CONSTANT_CONVERSION = YES;
				CLANG_WARN_DEPRECATED_OBJC_IMPLEMENTATIONS = YES;
				CLANG_WARN_DIRECT_OBJC_ISA_USAGE = YES_ERROR;
				CLANG_WARN_DOCUMENTATION_COMMENTS = YES;
				CLANG_WARN_EMPTY_BODY = YES;
				CLANG_WARN_ENUM_CONVERSION = YES;
				CLANG_WARN_INFINITE_RECURSION = YES;
				CLANG_WARN_INT_CONVERSION = YES;
				CLANG_WARN_NON_LITERAL_NULL_CONVERSION = YES;
				CLANG_WARN_OBJC_IMPLICIT_RETAIN_SELF = YES;
				CLANG_WARN_OBJC_LITERAL_CONVERSION = YES;
				CLANG_WARN_OBJC_ROOT_CLASS = YES_ERROR;
				CLANG_WARN_QUOTED_INCLUDE_IN_FRAMEWORK_HEADER = YES;
				CLANG_WARN_RANGE_LOOP_ANALYSIS = YES;
				CLANG_WARN_STRICT_PROTOTYPES = YES;
				CLANG_WARN_SUSPICIOUS_MOVE = YES;
				CLANG_WARN_UNGUARDED_AVAILABILITY = YES_AGGRESSIVE;
				CLANG_WARN_UNREACHABLE_CODE = YES;
				CLANG_WARN__DUPLICATE_METHOD_MATCH = YES;
				COPY_PHASE_STRIP = NO;
				DEBUG_INFORMATION_FORMAT = "dwarf-with-dsym";
				ENABLE_NS_ASSERTIONS = NO;
				ENABLE_STRICT_OBJC_MSGSEND = YES;
				GCC_C_LANGUAGE_STANDARD = gnu11;
				GCC_NO_COMMON_BLOCKS = YES;
				GCC_WARN_64_TO_32_BIT_CONVERSION = YES;
				GCC_WARN_ABOUT_RETURN_TYPE = YES_ERROR;
				GCC_WARN_UNDECLARED_SELECTOR = YES;
				GCC_WARN_UNINITIALIZED_AUTOS = YES_AGGRESSIVE;
				GCC_WARN_UNUSED_FUNCTION = YES;
				GCC_WARN_UNUSED_VARIABLE = YES;
				IPHONEOS_DEPLOYMENT_TARGET = 15.2;
				MTL_ENABLE_DEBUG_INFO = NO;
				MTL_FAST_MATH = YES;
				SDKROOT = iphoneos;
				SWIFT_COMPILATION_MODE = wholemodule;
				SWIFT_OPTIMIZATION_LEVEL = "-O";
				VALIDATE_PRODUCT = YES;
			};
			name = Release;
		};
		00467DC627E0D9810065BE0E /* Debug */ = {
			isa = XCBuildConfiguration;
			buildSettings = {
				ASSETCATALOG_COMPILER_APPICON_NAME = AppIcon;
				ASSETCATALOG_COMPILER_GLOBAL_ACCENT_COLOR_NAME = AccentColor;
				CODE_SIGN_STYLE = Automatic;
				CURRENT_PROJECT_VERSION = 1;
				DEVELOPMENT_ASSET_PATHS = "\"MovieDBManager/Preview Content\"";
				DEVELOPMENT_TEAM = 67X59FXCST;
				ENABLE_PREVIEWS = YES;
				GENERATE_INFOPLIST_FILE = YES;
				INFOPLIST_KEY_UIApplicationSceneManifest_Generation = YES;
				INFOPLIST_KEY_UIApplicationSupportsIndirectInputEvents = YES;
				INFOPLIST_KEY_UILaunchScreen_Generation = YES;
				INFOPLIST_KEY_UISupportedInterfaceOrientations_iPad = "UIInterfaceOrientationPortrait UIInterfaceOrientationPortraitUpsideDown UIInterfaceOrientationLandscapeLeft UIInterfaceOrientationLandscapeRight";
				INFOPLIST_KEY_UISupportedInterfaceOrientations_iPhone = "UIInterfaceOrientationPortrait UIInterfaceOrientationLandscapeLeft UIInterfaceOrientationLandscapeRight";
				LD_RUNPATH_SEARCH_PATHS = (
					"$(inherited)",
					"@executable_path/Frameworks",
				);
				MARKETING_VERSION = 1.0;
				PRODUCT_BUNDLE_IDENTIFIER = com.ecodation.MovieDBManager;
				PRODUCT_NAME = "$(TARGET_NAME)";
				SWIFT_EMIT_LOC_STRINGS = YES;
				SWIFT_VERSION = 5.0;
				TARGETED_DEVICE_FAMILY = "1,2";
			};
			name = Debug;
		};
		00467DC727E0D9810065BE0E /* Release */ = {
			isa = XCBuildConfiguration;
			buildSettings = {
				ASSETCATALOG_COMPILER_APPICON_NAME = AppIcon;
				ASSETCATALOG_COMPILER_GLOBAL_ACCENT_COLOR_NAME = AccentColor;
				CODE_SIGN_STYLE = Automatic;
				CURRENT_PROJECT_VERSION = 1;
				DEVELOPMENT_ASSET_PATHS = "\"MovieDBManager/Preview Content\"";
				DEVELOPMENT_TEAM = 67X59FXCST;
				ENABLE_PREVIEWS = YES;
				GENERATE_INFOPLIST_FILE = YES;
				INFOPLIST_KEY_UIApplicationSceneManifest_Generation = YES;
				INFOPLIST_KEY_UIApplicationSupportsIndirectInputEvents = YES;
				INFOPLIST_KEY_UILaunchScreen_Generation = YES;
				INFOPLIST_KEY_UISupportedInterfaceOrientations_iPad = "UIInterfaceOrientationPortrait UIInterfaceOrientationPortraitUpsideDown UIInterfaceOrientationLandscapeLeft UIInterfaceOrientationLandscapeRight";
				INFOPLIST_KEY_UISupportedInterfaceOrientations_iPhone = "UIInterfaceOrientationPortrait UIInterfaceOrientationLandscapeLeft UIInterfaceOrientationLandscapeRight";
				LD_RUNPATH_SEARCH_PATHS = (
					"$(inherited)",
					"@executable_path/Frameworks",
				);
				MARKETING_VERSION = 1.0;
				PRODUCT_BUNDLE_IDENTIFIER = com.ecodation.MovieDBManager;
				PRODUCT_NAME = "$(TARGET_NAME)";
				SWIFT_EMIT_LOC_STRINGS = YES;
				SWIFT_VERSION = 5.0;
				TARGETED_DEVICE_FAMILY = "1,2";
			};
			name = Release;
		};
		00467DC927E0D9810065BE0E /* Debug */ = {
			isa = XCBuildConfiguration;
			buildSettings = {
				ALWAYS_EMBED_SWIFT_STANDARD_LIBRARIES = YES;
				BUNDLE_LOADER = "$(TEST_HOST)";
				CODE_SIGN_STYLE = Automatic;
				CURRENT_PROJECT_VERSION = 1;
				DEVELOPMENT_TEAM = 67X59FXCST;
				GENERATE_INFOPLIST_FILE = YES;
				IPHONEOS_DEPLOYMENT_TARGET = 15.2;
				MARKETING_VERSION = 1.0;
				PRODUCT_BUNDLE_IDENTIFIER = com.ecodation.MovieDBManagerTests;
				PRODUCT_NAME = "$(TARGET_NAME)";
				SWIFT_EMIT_LOC_STRINGS = NO;
				SWIFT_VERSION = 5.0;
				TARGETED_DEVICE_FAMILY = "1,2";
				TEST_HOST = "$(BUILT_PRODUCTS_DIR)/MovieDBManager.app/MovieDBManager";
			};
			name = Debug;
		};
		00467DCA27E0D9810065BE0E /* Release */ = {
			isa = XCBuildConfiguration;
			buildSettings = {
				ALWAYS_EMBED_SWIFT_STANDARD_LIBRARIES = YES;
				BUNDLE_LOADER = "$(TEST_HOST)";
				CODE_SIGN_STYLE = Automatic;
				CURRENT_PROJECT_VERSION = 1;
				DEVELOPMENT_TEAM = 67X59FXCST;
				GENERATE_INFOPLIST_FILE = YES;
				IPHONEOS_DEPLOYMENT_TARGET = 15.2;
				MARKETING_VERSION = 1.0;
				PRODUCT_BUNDLE_IDENTIFIER = com.ecodation.MovieDBManagerTests;
				PRODUCT_NAME = "$(TARGET_NAME)";
				SWIFT_EMIT_LOC_STRINGS = NO;
				SWIFT_VERSION = 5.0;
				TARGETED_DEVICE_FAMILY = "1,2";
				TEST_HOST = "$(BUILT_PRODUCTS_DIR)/MovieDBManager.app/MovieDBManager";
			};
			name = Release;
		};
		00467DCC27E0D9810065BE0E /* Debug */ = {
			isa = XCBuildConfiguration;
			buildSettings = {
				ALWAYS_EMBED_SWIFT_STANDARD_LIBRARIES = YES;
				CODE_SIGN_STYLE = Automatic;
				CURRENT_PROJECT_VERSION = 1;
				DEVELOPMENT_TEAM = 67X59FXCST;
				GENERATE_INFOPLIST_FILE = YES;
				MARKETING_VERSION = 1.0;
				PRODUCT_BUNDLE_IDENTIFIER = com.ecodation.MovieDBManagerUITests;
				PRODUCT_NAME = "$(TARGET_NAME)";
				SWIFT_EMIT_LOC_STRINGS = NO;
				SWIFT_VERSION = 5.0;
				TARGETED_DEVICE_FAMILY = "1,2";
				TEST_TARGET_NAME = MovieDBManager;
			};
			name = Debug;
		};
		00467DCD27E0D9810065BE0E /* Release */ = {
			isa = XCBuildConfiguration;
			buildSettings = {
				ALWAYS_EMBED_SWIFT_STANDARD_LIBRARIES = YES;
				CODE_SIGN_STYLE = Automatic;
				CURRENT_PROJECT_VERSION = 1;
				DEVELOPMENT_TEAM = 67X59FXCST;
				GENERATE_INFOPLIST_FILE = YES;
				MARKETING_VERSION = 1.0;
				PRODUCT_BUNDLE_IDENTIFIER = com.ecodation.MovieDBManagerUITests;
				PRODUCT_NAME = "$(TARGET_NAME)";
				SWIFT_EMIT_LOC_STRINGS = NO;
				SWIFT_VERSION = 5.0;
				TARGETED_DEVICE_FAMILY = "1,2";
				TEST_TARGET_NAME = MovieDBManager;
			};
			name = Release;
		};
/* End XCBuildConfiguration section */

/* Begin XCConfigurationList section */
		00467D9C27E0D97D0065BE0E /* Build configuration list for PBXProject "MovieDBManager" */ = {
			isa = XCConfigurationList;
			buildConfigurations = (
				00467DC327E0D9810065BE0E /* Debug */,
				00467DC427E0D9810065BE0E /* Release */,
			);
			defaultConfigurationIsVisible = 0;
			defaultConfigurationName = Release;
		};
		00467DC527E0D9810065BE0E /* Build configuration list for PBXNativeTarget "MovieDBManager" */ = {
			isa = XCConfigurationList;
			buildConfigurations = (
				00467DC627E0D9810065BE0E /* Debug */,
				00467DC727E0D9810065BE0E /* Release */,
			);
			defaultConfigurationIsVisible = 0;
			defaultConfigurationName = Release;
		};
		00467DC827E0D9810065BE0E /* Build configuration list for PBXNativeTarget "MovieDBManagerTests" */ = {
			isa = XCConfigurationList;
			buildConfigurations = (
				00467DC927E0D9810065BE0E /* Debug */,
				00467DCA27E0D9810065BE0E /* Release */,
			);
			defaultConfigurationIsVisible = 0;
			defaultConfigurationName = Release;
		};
		00467DCB27E0D9810065BE0E /* Build configuration list for PBXNativeTarget "MovieDBManagerUITests" */ = {
			isa = XCConfigurationList;
			buildConfigurations = (
				00467DCC27E0D9810065BE0E /* Debug */,
				00467DCD27E0D9810065BE0E /* Release */,
			);
			defaultConfigurationIsVisible = 0;
			defaultConfigurationName = Release;
		};
/* End XCConfigurationList section */
	};
	rootObject = 00467D9927E0D97D0065BE0E /* Project object */;
}
